// !$*UTF8*$!
{
	archiveVersion = 1;
	classes = {
	};
	objectVersion = 77;
	objects = {

/* Begin PBXBuildFile section */
		21759C792CD8B5560033EA52 /* .swiftlint.yml in Resources */ = {isa = PBXBuildFile; fileRef = 21759C782CD8B5560033EA52 /* .swiftlint.yml */; };
/* End PBXBuildFile section */

/* Begin PBXContainerItemProxy section */
		21759C552CD8AE0F0033EA52 /* PBXContainerItemProxy */ = {
			isa = PBXContainerItemProxy;
			containerPortal = 21759C332CD8AE0D0033EA52 /* Project object */;
			proxyType = 1;
			remoteGlobalIDString = 21759C3A2CD8AE0D0033EA52;
			remoteInfo = RetsTalk;
		};
		D59E35DE2CD9F13A001B6D5A /* PBXContainerItemProxy */ = {
			isa = PBXContainerItemProxy;
			containerPortal = 21759C332CD8AE0D0033EA52 /* Project object */;
			proxyType = 1;
			remoteGlobalIDString = 21759C3A2CD8AE0D0033EA52;
			remoteInfo = RetsTalk;
		};
		D5EEA5F52CEC32A600090456 /* PBXContainerItemProxy */ = {
			isa = PBXContainerItemProxy;
			containerPortal = 21759C332CD8AE0D0033EA52 /* Project object */;
			proxyType = 1;
			remoteGlobalIDString = 21759C3A2CD8AE0D0033EA52;
			remoteInfo = RetsTalk;
		};
/* End PBXContainerItemProxy section */

/* Begin PBXFileReference section */
		21759C3B2CD8AE0D0033EA52 /* RetsTalk.app */ = {isa = PBXFileReference; explicitFileType = wrapper.application; includeInIndex = 0; path = RetsTalk.app; sourceTree = BUILT_PRODUCTS_DIR; };
		21759C542CD8AE0F0033EA52 /* RetsTalkTests.xctest */ = {isa = PBXFileReference; explicitFileType = wrapper.cfbundle; includeInIndex = 0; path = RetsTalkTests.xctest; sourceTree = BUILT_PRODUCTS_DIR; };
		21759C782CD8B5560033EA52 /* .swiftlint.yml */ = {isa = PBXFileReference; lastKnownFileType = text.yaml; path = .swiftlint.yml; sourceTree = "<group>"; };
		D59E35DA2CD9F13A001B6D5A /* NetworkTests.xctest */ = {isa = PBXFileReference; explicitFileType = wrapper.cfbundle; includeInIndex = 0; path = NetworkTests.xctest; sourceTree = BUILT_PRODUCTS_DIR; };
		D5EEA5F12CEC32A600090456 /* PersistTests.xctest */ = {isa = PBXFileReference; explicitFileType = wrapper.cfbundle; includeInIndex = 0; path = PersistTests.xctest; sourceTree = BUILT_PRODUCTS_DIR; };
/* End PBXFileReference section */

/* Begin PBXFileSystemSynchronizedBuildFileExceptionSet section */
		21759C662CD8AE0F0033EA52 /* Exceptions for "RetsTalk" folder in "RetsTalk" target */ = {
			isa = PBXFileSystemSynchronizedBuildFileExceptionSet;
			membershipExceptions = (
				Info.plist,
				Retrospect/View/Cell/RetrospectCell.swift,
			);
			target = 21759C3A2CD8AE0D0033EA52 /* RetsTalk */;
		};
		D59E35E42CD9F389001B6D5A /* Exceptions for "RetsTalk" folder in "NetworkTests" target */ = {
			isa = PBXFileSystemSynchronizedBuildFileExceptionSet;
			membershipExceptions = (
				Network/CLOVAStudioAPI.swift,
				Network/CLOVAStudioNetworkManager.swift,
				Network/HTTPMethod.swift,
				Network/NetworkError.swift,
				Network/NetworkRequestable.swift,
				Network/URLRequestComposable.swift,
				"Utility/Extensions/Encodable+Extension.swift",
			);
			target = D59E35D92CD9F13A001B6D5A /* NetworkTests */;
		};
		D5EEA6022CEC32BE00090456 /* Exceptions for "RetsTalk" folder in "PersistTests" target */ = {
			isa = PBXFileSystemSynchronizedBuildFileExceptionSet;
			membershipExceptions = (
				Persistent/EntityRepresentable.swift,
				Persistent/Persistable.swift,
				Persistent/PersistFetchRequestable.swift,
			);
			target = D5EEA5F02CEC32A600090456 /* PersistTests */;
		};
		D5EEA6812CEC3D9500090456 /* Exceptions for "PersistTests" folder in "RetsTalk" target */ = {
			isa = PBXFileSystemSynchronizedBuildFileExceptionSet;
			membershipExceptions = (
				TestModel.xcdatamodeld,
			);
			target = 21759C3A2CD8AE0D0033EA52 /* RetsTalk */;
		};
/* End PBXFileSystemSynchronizedBuildFileExceptionSet section */

/* Begin PBXFileSystemSynchronizedGroupBuildPhaseMembershipExceptionSet section */
		12A29F122CEB652D007E083C /* Exceptions for "RetsTalk" folder in "Copy Bundle Resources" phase from "RetsTalk" target */ = {
			isa = PBXFileSystemSynchronizedGroupBuildPhaseMembershipExceptionSet;
			buildPhase = 21759C392CD8AE0D0033EA52 /* Resources */;
			membershipExceptions = (
				Retrospect/View/Cell/RetrospectCell.swift,
			);
		};
/* End PBXFileSystemSynchronizedGroupBuildPhaseMembershipExceptionSet section */

/* Begin PBXFileSystemSynchronizedRootGroup section */
		21759C3D2CD8AE0D0033EA52 /* RetsTalk */ = {
			isa = PBXFileSystemSynchronizedRootGroup;
			exceptions = (
				21759C662CD8AE0F0033EA52 /* Exceptions for "RetsTalk" folder in "RetsTalk" target */,
				12A29F122CEB652D007E083C /* Exceptions for "RetsTalk" folder in "Copy Bundle Resources" phase from "RetsTalk" target */,
				D59E35E42CD9F389001B6D5A /* Exceptions for "RetsTalk" folder in "NetworkTests" target */,
				D5EEA6022CEC32BE00090456 /* Exceptions for "RetsTalk" folder in "PersistTests" target */,
			);
			path = RetsTalk;
			sourceTree = "<group>";
		};
		21759C572CD8AE0F0033EA52 /* RetsTalkTests */ = {
			isa = PBXFileSystemSynchronizedRootGroup;
			path = RetsTalkTests;
			sourceTree = "<group>";
		};
		D59E35DB2CD9F13A001B6D5A /* NetworkTests */ = {
			isa = PBXFileSystemSynchronizedRootGroup;
			path = NetworkTests;
			sourceTree = "<group>";
		};
		D5EEA5F22CEC32A600090456 /* PersistTests */ = {
			isa = PBXFileSystemSynchronizedRootGroup;
			exceptions = (
				D5EEA6812CEC3D9500090456 /* Exceptions for "PersistTests" folder in "RetsTalk" target */,
			);
			path = PersistTests;
			sourceTree = "<group>";
		};
/* End PBXFileSystemSynchronizedRootGroup section */

/* Begin PBXFrameworksBuildPhase section */
		21759C382CD8AE0D0033EA52 /* Frameworks */ = {
			isa = PBXFrameworksBuildPhase;
			buildActionMask = 2147483647;
			files = (
			);
			runOnlyForDeploymentPostprocessing = 0;
		};
		21759C512CD8AE0F0033EA52 /* Frameworks */ = {
			isa = PBXFrameworksBuildPhase;
			buildActionMask = 2147483647;
			files = (
			);
			runOnlyForDeploymentPostprocessing = 0;
		};
		D59E35D72CD9F13A001B6D5A /* Frameworks */ = {
			isa = PBXFrameworksBuildPhase;
			buildActionMask = 2147483647;
			files = (
			);
			runOnlyForDeploymentPostprocessing = 0;
		};
		D5EEA5EE2CEC32A600090456 /* Frameworks */ = {
			isa = PBXFrameworksBuildPhase;
			buildActionMask = 2147483647;
			files = (
			);
			runOnlyForDeploymentPostprocessing = 0;
		};
/* End PBXFrameworksBuildPhase section */

/* Begin PBXGroup section */
		21759C322CD8AE0D0033EA52 = {
			isa = PBXGroup;
			children = (
				21759C782CD8B5560033EA52 /* .swiftlint.yml */,
				21759C3D2CD8AE0D0033EA52 /* RetsTalk */,
				21759C572CD8AE0F0033EA52 /* RetsTalkTests */,
				D59E35DB2CD9F13A001B6D5A /* NetworkTests */,
				D5EEA5F22CEC32A600090456 /* PersistTests */,
				21759C3C2CD8AE0D0033EA52 /* Products */,
			);
			sourceTree = "<group>";
		};
		21759C3C2CD8AE0D0033EA52 /* Products */ = {
			isa = PBXGroup;
			children = (
				21759C3B2CD8AE0D0033EA52 /* RetsTalk.app */,
				21759C542CD8AE0F0033EA52 /* RetsTalkTests.xctest */,
				D59E35DA2CD9F13A001B6D5A /* NetworkTests.xctest */,
				D5EEA5F12CEC32A600090456 /* PersistTests.xctest */,
			);
			name = Products;
			sourceTree = "<group>";
		};
/* End PBXGroup section */

/* Begin PBXNativeTarget section */
		21759C3A2CD8AE0D0033EA52 /* RetsTalk */ = {
			isa = PBXNativeTarget;
			buildConfigurationList = 21759C672CD8AE0F0033EA52 /* Build configuration list for PBXNativeTarget "RetsTalk" */;
			buildPhases = (
				21759C372CD8AE0D0033EA52 /* Sources */,
				21759C382CD8AE0D0033EA52 /* Frameworks */,
				21759C392CD8AE0D0033EA52 /* Resources */,
			);
			buildRules = (
			);
			dependencies = (
				21759C7B2CD8B5A90033EA52 /* PBXTargetDependency */,
			);
			fileSystemSynchronizedGroups = (
				21759C3D2CD8AE0D0033EA52 /* RetsTalk */,
			);
			name = RetsTalk;
			packageProductDependencies = (
			);
			productName = RetsTalk;
			productReference = 21759C3B2CD8AE0D0033EA52 /* RetsTalk.app */;
			productType = "com.apple.product-type.application";
		};
		21759C532CD8AE0F0033EA52 /* RetsTalkTests */ = {
			isa = PBXNativeTarget;
			buildConfigurationList = 21759C6C2CD8AE0F0033EA52 /* Build configuration list for PBXNativeTarget "RetsTalkTests" */;
			buildPhases = (
				21759C502CD8AE0F0033EA52 /* Sources */,
				21759C512CD8AE0F0033EA52 /* Frameworks */,
				21759C522CD8AE0F0033EA52 /* Resources */,
			);
			buildRules = (
			);
			dependencies = (
				D531801E2CDB6F750047F564 /* PBXTargetDependency */,
				21759C562CD8AE0F0033EA52 /* PBXTargetDependency */,
			);
			fileSystemSynchronizedGroups = (
				21759C572CD8AE0F0033EA52 /* RetsTalkTests */,
			);
			name = RetsTalkTests;
			packageProductDependencies = (
			);
			productName = RetsTalkTests;
			productReference = 21759C542CD8AE0F0033EA52 /* RetsTalkTests.xctest */;
			productType = "com.apple.product-type.bundle.unit-test";
		};
		D59E35D92CD9F13A001B6D5A /* NetworkTests */ = {
			isa = PBXNativeTarget;
			buildConfigurationList = D59E35E02CD9F13A001B6D5A /* Build configuration list for PBXNativeTarget "NetworkTests" */;
			buildPhases = (
				D59E35D62CD9F13A001B6D5A /* Sources */,
				D59E35D72CD9F13A001B6D5A /* Frameworks */,
				D59E35D82CD9F13A001B6D5A /* Resources */,
			);
			buildRules = (
			);
			dependencies = (
				D53180202CDB6F7C0047F564 /* PBXTargetDependency */,
				D59E35DF2CD9F13A001B6D5A /* PBXTargetDependency */,
			);
			fileSystemSynchronizedGroups = (
				D59E35DB2CD9F13A001B6D5A /* NetworkTests */,
			);
			name = NetworkTests;
			packageProductDependencies = (
			);
			productName = NetworkTests;
			productReference = D59E35DA2CD9F13A001B6D5A /* NetworkTests.xctest */;
			productType = "com.apple.product-type.bundle.unit-test";
		};
		D5EEA5F02CEC32A600090456 /* PersistTests */ = {
			isa = PBXNativeTarget;
			buildConfigurationList = D5EEA5F92CEC32A600090456 /* Build configuration list for PBXNativeTarget "PersistTests" */;
			buildPhases = (
				D5EEA5ED2CEC32A600090456 /* Sources */,
				D5EEA5EE2CEC32A600090456 /* Frameworks */,
				D5EEA5EF2CEC32A600090456 /* Resources */,
			);
			buildRules = (
			);
			dependencies = (
				D5EEA5F62CEC32A600090456 /* PBXTargetDependency */,
			);
			fileSystemSynchronizedGroups = (
				D5EEA5F22CEC32A600090456 /* PersistTests */,
			);
			name = PersistTests;
			packageProductDependencies = (
			);
			productName = PersistTests;
			productReference = D5EEA5F12CEC32A600090456 /* PersistTests.xctest */;
			productType = "com.apple.product-type.bundle.unit-test";
		};
/* End PBXNativeTarget section */

/* Begin PBXProject section */
		21759C332CD8AE0D0033EA52 /* Project object */ = {
			isa = PBXProject;
			attributes = {
				BuildIndependentTargetsInParallel = 1;
				LastSwiftUpdateCheck = 1610;
				LastUpgradeCheck = 1600;
				TargetAttributes = {
					21759C3A2CD8AE0D0033EA52 = {
						CreatedOnToolsVersion = 16.0;
					};
					21759C532CD8AE0F0033EA52 = {
						CreatedOnToolsVersion = 16.0;
						TestTargetID = 21759C3A2CD8AE0D0033EA52;
					};
					D59E35D92CD9F13A001B6D5A = {
						CreatedOnToolsVersion = 16.1;
						TestTargetID = 21759C3A2CD8AE0D0033EA52;
					};
					D5EEA5F02CEC32A600090456 = {
						CreatedOnToolsVersion = 16.1;
						TestTargetID = 21759C3A2CD8AE0D0033EA52;
					};
				};
			};
			buildConfigurationList = 21759C362CD8AE0D0033EA52 /* Build configuration list for PBXProject "RetsTalk" */;
			developmentRegion = en;
			hasScannedForEncodings = 0;
			knownRegions = (
				en,
				Base,
			);
			mainGroup = 21759C322CD8AE0D0033EA52;
			minimizedProjectReferenceProxies = 1;
			packageReferences = (
				21759C772CD8B50F0033EA52 /* XCRemoteSwiftPackageReference "SwiftLintPlugins" */,
			);
			preferredProjectObjectVersion = 77;
			productRefGroup = 21759C3C2CD8AE0D0033EA52 /* Products */;
			projectDirPath = "";
			projectRoot = "";
			targets = (
				21759C3A2CD8AE0D0033EA52 /* RetsTalk */,
				21759C532CD8AE0F0033EA52 /* RetsTalkTests */,
				D59E35D92CD9F13A001B6D5A /* NetworkTests */,
				D5EEA5F02CEC32A600090456 /* PersistTests */,
			);
		};
/* End PBXProject section */

/* Begin PBXResourcesBuildPhase section */
		21759C392CD8AE0D0033EA52 /* Resources */ = {
			isa = PBXResourcesBuildPhase;
			buildActionMask = 2147483647;
			files = (
				21759C792CD8B5560033EA52 /* .swiftlint.yml in Resources */,
			);
			runOnlyForDeploymentPostprocessing = 0;
		};
		21759C522CD8AE0F0033EA52 /* Resources */ = {
			isa = PBXResourcesBuildPhase;
			buildActionMask = 2147483647;
			files = (
			);
			runOnlyForDeploymentPostprocessing = 0;
		};
		D59E35D82CD9F13A001B6D5A /* Resources */ = {
			isa = PBXResourcesBuildPhase;
			buildActionMask = 2147483647;
			files = (
			);
			runOnlyForDeploymentPostprocessing = 0;
		};
		D5EEA5EF2CEC32A600090456 /* Resources */ = {
			isa = PBXResourcesBuildPhase;
			buildActionMask = 2147483647;
			files = (
			);
			runOnlyForDeploymentPostprocessing = 0;
		};
/* End PBXResourcesBuildPhase section */

/* Begin PBXSourcesBuildPhase section */
		21759C372CD8AE0D0033EA52 /* Sources */ = {
			isa = PBXSourcesBuildPhase;
			buildActionMask = 2147483647;
			files = (
			);
			runOnlyForDeploymentPostprocessing = 0;
		};
		21759C502CD8AE0F0033EA52 /* Sources */ = {
			isa = PBXSourcesBuildPhase;
			buildActionMask = 2147483647;
			files = (
			);
			runOnlyForDeploymentPostprocessing = 0;
		};
		D59E35D62CD9F13A001B6D5A /* Sources */ = {
			isa = PBXSourcesBuildPhase;
			buildActionMask = 2147483647;
			files = (
			);
			runOnlyForDeploymentPostprocessing = 0;
		};
		D5EEA5ED2CEC32A600090456 /* Sources */ = {
			isa = PBXSourcesBuildPhase;
			buildActionMask = 2147483647;
			files = (
			);
			runOnlyForDeploymentPostprocessing = 0;
		};
/* End PBXSourcesBuildPhase section */

/* Begin PBXTargetDependency section */
		21759C562CD8AE0F0033EA52 /* PBXTargetDependency */ = {
			isa = PBXTargetDependency;
			target = 21759C3A2CD8AE0D0033EA52 /* RetsTalk */;
			targetProxy = 21759C552CD8AE0F0033EA52 /* PBXContainerItemProxy */;
		};
		21759C7B2CD8B5A90033EA52 /* PBXTargetDependency */ = {
			isa = PBXTargetDependency;
			productRef = 21759C7A2CD8B5A90033EA52 /* SwiftLintBuildToolPlugin */;
		};
		D531801E2CDB6F750047F564 /* PBXTargetDependency */ = {
			isa = PBXTargetDependency;
			productRef = D531801D2CDB6F750047F564 /* SwiftLintBuildToolPlugin */;
		};
		D53180202CDB6F7C0047F564 /* PBXTargetDependency */ = {
			isa = PBXTargetDependency;
			productRef = D531801F2CDB6F7C0047F564 /* SwiftLintBuildToolPlugin */;
		};
		D59E35DF2CD9F13A001B6D5A /* PBXTargetDependency */ = {
			isa = PBXTargetDependency;
			target = 21759C3A2CD8AE0D0033EA52 /* RetsTalk */;
			targetProxy = D59E35DE2CD9F13A001B6D5A /* PBXContainerItemProxy */;
		};
		D5EEA5F62CEC32A600090456 /* PBXTargetDependency */ = {
			isa = PBXTargetDependency;
			target = 21759C3A2CD8AE0D0033EA52 /* RetsTalk */;
			targetProxy = D5EEA5F52CEC32A600090456 /* PBXContainerItemProxy */;
		};
/* End PBXTargetDependency section */

/* Begin XCBuildConfiguration section */
		21759C682CD8AE0F0033EA52 /* Debug */ = {
			isa = XCBuildConfiguration;
			buildSettings = {
				ASSETCATALOG_COMPILER_APPICON_NAME = AppIcon;
				ASSETCATALOG_COMPILER_GLOBAL_ACCENT_COLOR_NAME = AccentColor;
				CODE_SIGN_STYLE = Automatic;
				CURRENT_PROJECT_VERSION = 1;
				DEVELOPMENT_TEAM = B3PWYBKFUK;
				GENERATE_INFOPLIST_FILE = YES;
				INFOPLIST_FILE = RetsTalk/Info.plist;
				INFOPLIST_KEY_CFBundleDisplayName = "레츠톡";
				INFOPLIST_KEY_LSApplicationCategoryType = "public.app-category.lifestyle";
				INFOPLIST_KEY_UIApplicationSupportsIndirectInputEvents = YES;
				INFOPLIST_KEY_UILaunchStoryboardName = LaunchScreen;
				INFOPLIST_KEY_UISupportedInterfaceOrientations = "UIInterfaceOrientationLandscapeLeft UIInterfaceOrientationLandscapeRight UIInterfaceOrientationPortrait";
				INFOPLIST_KEY_UISupportedInterfaceOrientations_iPad = "UIInterfaceOrientationLandscapeLeft UIInterfaceOrientationLandscapeRight UIInterfaceOrientationPortrait UIInterfaceOrientationPortraitUpsideDown";
				IPHONEOS_DEPLOYMENT_TARGET = 16.0;
				LD_RUNPATH_SEARCH_PATHS = (
					"$(inherited)",
					"@executable_path/Frameworks",
				);
				MARKETING_VERSION = 1.0;
				PRODUCT_BUNDLE_IDENTIFIER = kr.codesquad.boostcamp9.RetsTalk;
				PRODUCT_NAME = "$(TARGET_NAME)";
				SUPPORTED_PLATFORMS = "iphoneos iphonesimulator";
				SUPPORTS_MACCATALYST = NO;
				SUPPORTS_MAC_DESIGNED_FOR_IPHONE_IPAD = NO;
				SUPPORTS_XR_DESIGNED_FOR_IPHONE_IPAD = NO;
				SWIFT_EMIT_LOC_STRINGS = YES;
				SWIFT_VERSION = 6.0;
				TARGETED_DEVICE_FAMILY = "1,2";
			};
			name = Debug;
		};
		21759C692CD8AE0F0033EA52 /* Release */ = {
			isa = XCBuildConfiguration;
			buildSettings = {
				ASSETCATALOG_COMPILER_APPICON_NAME = AppIcon;
				ASSETCATALOG_COMPILER_GLOBAL_ACCENT_COLOR_NAME = AccentColor;
				CODE_SIGN_STYLE = Automatic;
				CURRENT_PROJECT_VERSION = 1;
				DEVELOPMENT_TEAM = B3PWYBKFUK;
				GENERATE_INFOPLIST_FILE = YES;
				INFOPLIST_FILE = RetsTalk/Info.plist;
				INFOPLIST_KEY_CFBundleDisplayName = "레츠톡";
				INFOPLIST_KEY_LSApplicationCategoryType = "public.app-category.lifestyle";
				INFOPLIST_KEY_UIApplicationSupportsIndirectInputEvents = YES;
				INFOPLIST_KEY_UILaunchStoryboardName = LaunchScreen;
				INFOPLIST_KEY_UISupportedInterfaceOrientations = "UIInterfaceOrientationLandscapeLeft UIInterfaceOrientationLandscapeRight UIInterfaceOrientationPortrait";
				INFOPLIST_KEY_UISupportedInterfaceOrientations_iPad = "UIInterfaceOrientationLandscapeLeft UIInterfaceOrientationLandscapeRight UIInterfaceOrientationPortrait UIInterfaceOrientationPortraitUpsideDown";
				IPHONEOS_DEPLOYMENT_TARGET = 16.0;
				LD_RUNPATH_SEARCH_PATHS = (
					"$(inherited)",
					"@executable_path/Frameworks",
				);
				MARKETING_VERSION = 1.0;
				PRODUCT_BUNDLE_IDENTIFIER = kr.codesquad.boostcamp9.RetsTalk;
				PRODUCT_NAME = "$(TARGET_NAME)";
				SUPPORTED_PLATFORMS = "iphoneos iphonesimulator";
				SUPPORTS_MACCATALYST = NO;
				SUPPORTS_MAC_DESIGNED_FOR_IPHONE_IPAD = NO;
				SUPPORTS_XR_DESIGNED_FOR_IPHONE_IPAD = NO;
				SWIFT_EMIT_LOC_STRINGS = YES;
				SWIFT_VERSION = 6.0;
				TARGETED_DEVICE_FAMILY = "1,2";
			};
			name = Release;
		};
		21759C6A2CD8AE0F0033EA52 /* Debug */ = {
			isa = XCBuildConfiguration;
			buildSettings = {
				ALWAYS_SEARCH_USER_PATHS = NO;
				ASSETCATALOG_COMPILER_GENERATE_SWIFT_ASSET_SYMBOL_EXTENSIONS = YES;
				CLANG_ANALYZER_NONNULL = YES;
				CLANG_ANALYZER_NUMBER_OBJECT_CONVERSION = YES_AGGRESSIVE;
				CLANG_CXX_LANGUAGE_STANDARD = "gnu++20";
				CLANG_ENABLE_MODULES = YES;
				CLANG_ENABLE_OBJC_ARC = YES;
				CLANG_ENABLE_OBJC_WEAK = YES;
				CLANG_WARN_BLOCK_CAPTURE_AUTORELEASING = YES;
				CLANG_WARN_BOOL_CONVERSION = YES;
				CLANG_WARN_COMMA = YES;
				CLANG_WARN_CONSTANT_CONVERSION = YES;
				CLANG_WARN_DEPRECATED_OBJC_IMPLEMENTATIONS = YES;
				CLANG_WARN_DIRECT_OBJC_ISA_USAGE = YES_ERROR;
				CLANG_WARN_DOCUMENTATION_COMMENTS = YES;
				CLANG_WARN_EMPTY_BODY = YES;
				CLANG_WARN_ENUM_CONVERSION = YES;
				CLANG_WARN_INFINITE_RECURSION = YES;
				CLANG_WARN_INT_CONVERSION = YES;
				CLANG_WARN_NON_LITERAL_NULL_CONVERSION = YES;
				CLANG_WARN_OBJC_IMPLICIT_RETAIN_SELF = YES;
				CLANG_WARN_OBJC_LITERAL_CONVERSION = YES;
				CLANG_WARN_OBJC_ROOT_CLASS = YES_ERROR;
				CLANG_WARN_QUOTED_INCLUDE_IN_FRAMEWORK_HEADER = YES;
				CLANG_WARN_RANGE_LOOP_ANALYSIS = YES;
				CLANG_WARN_STRICT_PROTOTYPES = YES;
				CLANG_WARN_SUSPICIOUS_MOVE = YES;
				CLANG_WARN_UNGUARDED_AVAILABILITY = YES_AGGRESSIVE;
				CLANG_WARN_UNREACHABLE_CODE = YES;
				CLANG_WARN__DUPLICATE_METHOD_MATCH = YES;
				COPY_PHASE_STRIP = NO;
				DEBUG_INFORMATION_FORMAT = dwarf;
				ENABLE_STRICT_OBJC_MSGSEND = YES;
				ENABLE_TESTABILITY = YES;
				ENABLE_USER_SCRIPT_SANDBOXING = YES;
				GCC_C_LANGUAGE_STANDARD = gnu17;
				GCC_DYNAMIC_NO_PIC = NO;
				GCC_NO_COMMON_BLOCKS = YES;
				GCC_OPTIMIZATION_LEVEL = 0;
				GCC_PREPROCESSOR_DEFINITIONS = (
					"DEBUG=1",
					"$(inherited)",
				);
				GCC_WARN_64_TO_32_BIT_CONVERSION = YES;
				GCC_WARN_ABOUT_RETURN_TYPE = YES_ERROR;
				GCC_WARN_UNDECLARED_SELECTOR = YES;
				GCC_WARN_UNINITIALIZED_AUTOS = YES_AGGRESSIVE;
				GCC_WARN_UNUSED_FUNCTION = YES;
				GCC_WARN_UNUSED_VARIABLE = YES;
				IPHONEOS_DEPLOYMENT_TARGET = 18.0;
				LOCALIZATION_PREFERS_STRING_CATALOGS = YES;
				MTL_ENABLE_DEBUG_INFO = INCLUDE_SOURCE;
				MTL_FAST_MATH = YES;
				ONLY_ACTIVE_ARCH = YES;
				SDKROOT = iphoneos;
				SWIFT_ACTIVE_COMPILATION_CONDITIONS = "DEBUG $(inherited)";
				SWIFT_OPTIMIZATION_LEVEL = "-Onone";
			};
			name = Debug;
		};
		21759C6B2CD8AE0F0033EA52 /* Release */ = {
			isa = XCBuildConfiguration;
			buildSettings = {
				ALWAYS_SEARCH_USER_PATHS = NO;
				ASSETCATALOG_COMPILER_GENERATE_SWIFT_ASSET_SYMBOL_EXTENSIONS = YES;
				CLANG_ANALYZER_NONNULL = YES;
				CLANG_ANALYZER_NUMBER_OBJECT_CONVERSION = YES_AGGRESSIVE;
				CLANG_CXX_LANGUAGE_STANDARD = "gnu++20";
				CLANG_ENABLE_MODULES = YES;
				CLANG_ENABLE_OBJC_ARC = YES;
				CLANG_ENABLE_OBJC_WEAK = YES;
				CLANG_WARN_BLOCK_CAPTURE_AUTORELEASING = YES;
				CLANG_WARN_BOOL_CONVERSION = YES;
				CLANG_WARN_COMMA = YES;
				CLANG_WARN_CONSTANT_CONVERSION = YES;
				CLANG_WARN_DEPRECATED_OBJC_IMPLEMENTATIONS = YES;
				CLANG_WARN_DIRECT_OBJC_ISA_USAGE = YES_ERROR;
				CLANG_WARN_DOCUMENTATION_COMMENTS = YES;
				CLANG_WARN_EMPTY_BODY = YES;
				CLANG_WARN_ENUM_CONVERSION = YES;
				CLANG_WARN_INFINITE_RECURSION = YES;
				CLANG_WARN_INT_CONVERSION = YES;
				CLANG_WARN_NON_LITERAL_NULL_CONVERSION = YES;
				CLANG_WARN_OBJC_IMPLICIT_RETAIN_SELF = YES;
				CLANG_WARN_OBJC_LITERAL_CONVERSION = YES;
				CLANG_WARN_OBJC_ROOT_CLASS = YES_ERROR;
				CLANG_WARN_QUOTED_INCLUDE_IN_FRAMEWORK_HEADER = YES;
				CLANG_WARN_RANGE_LOOP_ANALYSIS = YES;
				CLANG_WARN_STRICT_PROTOTYPES = YES;
				CLANG_WARN_SUSPICIOUS_MOVE = YES;
				CLANG_WARN_UNGUARDED_AVAILABILITY = YES_AGGRESSIVE;
				CLANG_WARN_UNREACHABLE_CODE = YES;
				CLANG_WARN__DUPLICATE_METHOD_MATCH = YES;
				COPY_PHASE_STRIP = NO;
				DEBUG_INFORMATION_FORMAT = "dwarf-with-dsym";
				ENABLE_NS_ASSERTIONS = NO;
				ENABLE_STRICT_OBJC_MSGSEND = YES;
				ENABLE_USER_SCRIPT_SANDBOXING = YES;
				GCC_C_LANGUAGE_STANDARD = gnu17;
				GCC_NO_COMMON_BLOCKS = YES;
				GCC_WARN_64_TO_32_BIT_CONVERSION = YES;
				GCC_WARN_ABOUT_RETURN_TYPE = YES_ERROR;
				GCC_WARN_UNDECLARED_SELECTOR = YES;
				GCC_WARN_UNINITIALIZED_AUTOS = YES_AGGRESSIVE;
				GCC_WARN_UNUSED_FUNCTION = YES;
				GCC_WARN_UNUSED_VARIABLE = YES;
				IPHONEOS_DEPLOYMENT_TARGET = 18.0;
				LOCALIZATION_PREFERS_STRING_CATALOGS = YES;
				MTL_ENABLE_DEBUG_INFO = NO;
				MTL_FAST_MATH = YES;
				SDKROOT = iphoneos;
				SWIFT_COMPILATION_MODE = wholemodule;
				VALIDATE_PRODUCT = YES;
			};
			name = Release;
		};
		21759C6D2CD8AE0F0033EA52 /* Debug */ = {
			isa = XCBuildConfiguration;
			buildSettings = {
				BUNDLE_LOADER = "$(TEST_HOST)";
				CODE_SIGN_STYLE = Automatic;
				CURRENT_PROJECT_VERSION = 1;
				DEVELOPMENT_TEAM = B3PWYBKFUK;
				GENERATE_INFOPLIST_FILE = YES;
				IPHONEOS_DEPLOYMENT_TARGET = 16.0;
				MARKETING_VERSION = 1.0;
				PRODUCT_BUNDLE_IDENTIFIER = kr.codesquad.boostcamp9.RetsTalkTests;
				PRODUCT_NAME = "$(TARGET_NAME)";
				SUPPORTED_PLATFORMS = "iphoneos iphonesimulator";
				SUPPORTS_MACCATALYST = NO;
				SUPPORTS_MAC_DESIGNED_FOR_IPHONE_IPAD = NO;
				SUPPORTS_XR_DESIGNED_FOR_IPHONE_IPAD = NO;
				SWIFT_EMIT_LOC_STRINGS = NO;
				SWIFT_VERSION = 6.0;
				TARGETED_DEVICE_FAMILY = "1,2";
				TEST_HOST = "$(BUILT_PRODUCTS_DIR)/RetsTalk.app/$(BUNDLE_EXECUTABLE_FOLDER_PATH)/RetsTalk";
			};
			name = Debug;
		};
		21759C6E2CD8AE0F0033EA52 /* Release */ = {
			isa = XCBuildConfiguration;
			buildSettings = {
				BUNDLE_LOADER = "$(TEST_HOST)";
				CODE_SIGN_STYLE = Automatic;
				CURRENT_PROJECT_VERSION = 1;
				DEVELOPMENT_TEAM = B3PWYBKFUK;
				GENERATE_INFOPLIST_FILE = YES;
				IPHONEOS_DEPLOYMENT_TARGET = 16.0;
				MARKETING_VERSION = 1.0;
				PRODUCT_BUNDLE_IDENTIFIER = kr.codesquad.boostcamp9.RetsTalkTests;
				PRODUCT_NAME = "$(TARGET_NAME)";
				SUPPORTED_PLATFORMS = "iphoneos iphonesimulator";
				SUPPORTS_MACCATALYST = NO;
				SUPPORTS_MAC_DESIGNED_FOR_IPHONE_IPAD = NO;
				SUPPORTS_XR_DESIGNED_FOR_IPHONE_IPAD = NO;
				SWIFT_EMIT_LOC_STRINGS = NO;
				SWIFT_VERSION = 6.0;
				TARGETED_DEVICE_FAMILY = "1,2";
				TEST_HOST = "$(BUILT_PRODUCTS_DIR)/RetsTalk.app/$(BUNDLE_EXECUTABLE_FOLDER_PATH)/RetsTalk";
			};
			name = Release;
		};
		D59E35E12CD9F13A001B6D5A /* Debug */ = {
			isa = XCBuildConfiguration;
			buildSettings = {
				BUNDLE_LOADER = "$(TEST_HOST)";
				CODE_SIGN_STYLE = Automatic;
				CURRENT_PROJECT_VERSION = 1;
				DEVELOPMENT_TEAM = B3PWYBKFUK;
				GENERATE_INFOPLIST_FILE = YES;
				IPHONEOS_DEPLOYMENT_TARGET = 16.0;
				MARKETING_VERSION = 1.0;
				PRODUCT_BUNDLE_IDENTIFIER = kr.codesquad.boostcamp9.NetworkTests;
				PRODUCT_NAME = "$(TARGET_NAME)";
				SUPPORTED_PLATFORMS = "iphoneos iphonesimulator";
				SUPPORTS_MACCATALYST = NO;
				SUPPORTS_MAC_DESIGNED_FOR_IPHONE_IPAD = NO;
				SUPPORTS_XR_DESIGNED_FOR_IPHONE_IPAD = NO;
				SWIFT_EMIT_LOC_STRINGS = NO;
				SWIFT_VERSION = 5.0;
				TARGETED_DEVICE_FAMILY = "1,2";
				TEST_HOST = "$(BUILT_PRODUCTS_DIR)/RetsTalk.app/$(BUNDLE_EXECUTABLE_FOLDER_PATH)/RetsTalk";
			};
			name = Debug;
		};
		D59E35E22CD9F13A001B6D5A /* Release */ = {
			isa = XCBuildConfiguration;
			buildSettings = {
				BUNDLE_LOADER = "$(TEST_HOST)";
				CODE_SIGN_STYLE = Automatic;
				CURRENT_PROJECT_VERSION = 1;
				DEVELOPMENT_TEAM = B3PWYBKFUK;
				GENERATE_INFOPLIST_FILE = YES;
				IPHONEOS_DEPLOYMENT_TARGET = 16.0;
				MARKETING_VERSION = 1.0;
				PRODUCT_BUNDLE_IDENTIFIER = kr.codesquad.boostcamp9.NetworkTests;
				PRODUCT_NAME = "$(TARGET_NAME)";
				SUPPORTED_PLATFORMS = "iphoneos iphonesimulator";
				SUPPORTS_MACCATALYST = NO;
				SUPPORTS_MAC_DESIGNED_FOR_IPHONE_IPAD = NO;
				SUPPORTS_XR_DESIGNED_FOR_IPHONE_IPAD = NO;
				SWIFT_EMIT_LOC_STRINGS = NO;
				SWIFT_VERSION = 5.0;
				TARGETED_DEVICE_FAMILY = "1,2";
				TEST_HOST = "$(BUILT_PRODUCTS_DIR)/RetsTalk.app/$(BUNDLE_EXECUTABLE_FOLDER_PATH)/RetsTalk";
			};
			name = Release;
		};
		D5EEA5F72CEC32A600090456 /* Debug */ = {
			isa = XCBuildConfiguration;
			buildSettings = {
				BUNDLE_LOADER = "$(TEST_HOST)";
				CODE_SIGN_STYLE = Automatic;
				CURRENT_PROJECT_VERSION = 1;
				DEVELOPMENT_TEAM = B3PWYBKFUK;
				GENERATE_INFOPLIST_FILE = YES;
				IPHONEOS_DEPLOYMENT_TARGET = 16.0;
				MARKETING_VERSION = 1.0;
				PRODUCT_BUNDLE_IDENTIFIER = kr.codesquad.boostcamp9.PersistTests;
				PRODUCT_NAME = "$(TARGET_NAME)";
				SUPPORTED_PLATFORMS = "iphoneos iphonesimulator";
				SUPPORTS_MACCATALYST = NO;
				SUPPORTS_MAC_DESIGNED_FOR_IPHONE_IPAD = NO;
				SUPPORTS_XR_DESIGNED_FOR_IPHONE_IPAD = NO;
				SWIFT_EMIT_LOC_STRINGS = NO;
				SWIFT_VERSION = 5.0;
				TARGETED_DEVICE_FAMILY = "1,2";
				TEST_HOST = "$(BUILT_PRODUCTS_DIR)/RetsTalk.app/$(BUNDLE_EXECUTABLE_FOLDER_PATH)/RetsTalk";
			};
			name = Debug;
		};
		D5EEA5F82CEC32A600090456 /* Release */ = {
			isa = XCBuildConfiguration;
			buildSettings = {
				BUNDLE_LOADER = "$(TEST_HOST)";
				CODE_SIGN_STYLE = Automatic;
				CURRENT_PROJECT_VERSION = 1;
				DEVELOPMENT_TEAM = B3PWYBKFUK;
				GENERATE_INFOPLIST_FILE = YES;
				IPHONEOS_DEPLOYMENT_TARGET = 16.0;
				MARKETING_VERSION = 1.0;
				PRODUCT_BUNDLE_IDENTIFIER = kr.codesquad.boostcamp9.PersistTests;
				PRODUCT_NAME = "$(TARGET_NAME)";
				SUPPORTED_PLATFORMS = "iphoneos iphonesimulator";
				SUPPORTS_MACCATALYST = NO;
				SUPPORTS_MAC_DESIGNED_FOR_IPHONE_IPAD = NO;
				SUPPORTS_XR_DESIGNED_FOR_IPHONE_IPAD = NO;
				SWIFT_EMIT_LOC_STRINGS = NO;
				SWIFT_VERSION = 5.0;
				TARGETED_DEVICE_FAMILY = "1,2";
				TEST_HOST = "$(BUILT_PRODUCTS_DIR)/RetsTalk.app/$(BUNDLE_EXECUTABLE_FOLDER_PATH)/RetsTalk";
			};
			name = Release;
		};
/* End XCBuildConfiguration section */

/* Begin XCConfigurationList section */
		21759C362CD8AE0D0033EA52 /* Build configuration list for PBXProject "RetsTalk" */ = {
			isa = XCConfigurationList;
			buildConfigurations = (
				21759C6A2CD8AE0F0033EA52 /* Debug */,
				21759C6B2CD8AE0F0033EA52 /* Release */,
			);
			defaultConfigurationIsVisible = 0;
			defaultConfigurationName = Debug;
		};
		21759C672CD8AE0F0033EA52 /* Build configuration list for PBXNativeTarget "RetsTalk" */ = {
			isa = XCConfigurationList;
			buildConfigurations = (
				21759C682CD8AE0F0033EA52 /* Debug */,
				21759C692CD8AE0F0033EA52 /* Release */,
			);
			defaultConfigurationIsVisible = 0;
			defaultConfigurationName = Debug;
		};
		21759C6C2CD8AE0F0033EA52 /* Build configuration list for PBXNativeTarget "RetsTalkTests" */ = {
			isa = XCConfigurationList;
			buildConfigurations = (
				21759C6D2CD8AE0F0033EA52 /* Debug */,
				21759C6E2CD8AE0F0033EA52 /* Release */,
			);
			defaultConfigurationIsVisible = 0;
			defaultConfigurationName = Debug;
		};
		D59E35E02CD9F13A001B6D5A /* Build configuration list for PBXNativeTarget "NetworkTests" */ = {
			isa = XCConfigurationList;
			buildConfigurations = (
				D59E35E12CD9F13A001B6D5A /* Debug */,
				D59E35E22CD9F13A001B6D5A /* Release */,
			);
			defaultConfigurationIsVisible = 0;
			defaultConfigurationName = Debug;
		};
		D5EEA5F92CEC32A600090456 /* Build configuration list for PBXNativeTarget "PersistTests" */ = {
			isa = XCConfigurationList;
			buildConfigurations = (
				D5EEA5F72CEC32A600090456 /* Debug */,
				D5EEA5F82CEC32A600090456 /* Release */,
			);
			defaultConfigurationIsVisible = 0;
			defaultConfigurationName = Debug;
		};
/* End XCConfigurationList section */

/* Begin XCRemoteSwiftPackageReference section */
		21759C772CD8B50F0033EA52 /* XCRemoteSwiftPackageReference "SwiftLintPlugins" */ = {
			isa = XCRemoteSwiftPackageReference;
			repositoryURL = "https://github.com/SimplyDanny/SwiftLintPlugins";
			requirement = {
				kind = upToNextMajorVersion;
				minimumVersion = 0.57.0;
			};
		};
/* End XCRemoteSwiftPackageReference section */

/* Begin XCSwiftPackageProductDependency section */
		21759C7A2CD8B5A90033EA52 /* SwiftLintBuildToolPlugin */ = {
			isa = XCSwiftPackageProductDependency;
			package = 21759C772CD8B50F0033EA52 /* XCRemoteSwiftPackageReference "SwiftLintPlugins" */;
			productName = "plugin:SwiftLintBuildToolPlugin";
		};
		D531801D2CDB6F750047F564 /* SwiftLintBuildToolPlugin */ = {
			isa = XCSwiftPackageProductDependency;
			package = 21759C772CD8B50F0033EA52 /* XCRemoteSwiftPackageReference "SwiftLintPlugins" */;
			productName = "plugin:SwiftLintBuildToolPlugin";
		};
		D531801F2CDB6F7C0047F564 /* SwiftLintBuildToolPlugin */ = {
			isa = XCSwiftPackageProductDependency;
			package = 21759C772CD8B50F0033EA52 /* XCRemoteSwiftPackageReference "SwiftLintPlugins" */;
			productName = "plugin:SwiftLintBuildToolPlugin";
		};
/* End XCSwiftPackageProductDependency section */
	};
	rootObject = 21759C332CD8AE0D0033EA52 /* Project object */;
}
